{
  "name": "LJSoftware",
  "lockfileVersion": 2,
  "requires": true,
  "packages": {
    "": {
      "dependencies": {
        "scroll-lock": "^2.1.5"
      }
    },
    "node_modules/scroll-lock": {
      "version": "2.1.5",
      "resolved": "https://registry.npmjs.org/scroll-lock/-/scroll-lock-2.1.5.tgz",
      "integrity": "sha512-GN8Lp0AzXbkrPFUUNkMUruiiv019UvarNKE/SnXi+AxZRjMnDc2R22VB9RcUtL4P/uub04cKibmpHKIKTyWwYQ=="
    }
  },
  "dependencies": {
    "scroll-lock": {
      "version": "2.1.5",
      "resolved": "https://registry.npmjs.org/scroll-lock/-/scroll-lock-2.1.5.tgz",
      "integrity": "sha512-GN8Lp0AzXbkrPFUUNkMUruiiv019UvarNKE/SnXi+AxZRjMnDc2R22VB9RcUtL4P/uub04cKibmpHKIKTyWwYQ=="
    }
  }
}
